{
  "name": "magic-mirror-module-ff-statsjs",
  "version": "1.0.0",
  "lockfileVersion": 2,
  "requires": true,
  "packages": {
    "": {
      "name": "magic-mirror-module-ff-statsjs",
      "version": "1.0.0",
      "license": "ISC",
      "optionalDependencies": {
        "stats.js": "^0.17.0"
      }
    },
    "node_modules/stats.js": {
      "version": "0.17.0",
      "resolved": "https://registry.npmjs.org/stats.js/-/stats.js-0.17.0.tgz",
      "integrity": "sha1-scPcRtlEmLV4t/05hbgaznExzH0=",
      "optional": true
    }
  },
  "dependencies": {
    "stats.js": {
      "version": "0.17.0",
      "resolved": "https://registry.npmjs.org/stats.js/-/stats.js-0.17.0.tgz",
      "integrity": "sha1-scPcRtlEmLV4t/05hbgaznExzH0=",
      "optional": true
    }
  }
}
